// !$*UTF8*$!
{
	archiveVersion = 1;
	classes = {
	};
	objectVersion = 46;
	objects = {

/* Begin PBXBuildFile section */
		133110691D4410CA0001EEA4 /* Server in Resources */ = {isa = PBXBuildFile; fileRef = 133110681D4410CA0001EEA4 /* Server */; };
		134488B31D43F126008FD916 /* AppDelegate.swift in Sources */ = {isa = PBXBuildFile; fileRef = 134488B21D43F126008FD916 /* AppDelegate.swift */; };
		134488B71D43F127008FD916 /* Assets.xcassets in Resources */ = {isa = PBXBuildFile; fileRef = 134488B61D43F127008FD916 /* Assets.xcassets */; };
		1362AAF91D44DEAE005F050F /* ResourceLoader.swift in Sources */ = {isa = PBXBuildFile; fileRef = 1362AAF81D44DEAE005F050F /* ResourceLoader.swift */; };
/* End PBXBuildFile section */

/* Begin PBXFileReference section */
		133110681D4410CA0001EEA4 /* Server */ = {isa = PBXFileReference; lastKnownFileType = folder; path = Server; sourceTree = SOURCE_ROOT; };
		134488AF1D43F126008FD916 /* SeesanTV.app */ = {isa = PBXFileReference; explicitFileType = wrapper.application; includeInIndex = 0; path = SeesanTV.app; sourceTree = BUILT_PRODUCTS_DIR; };
		134488B21D43F126008FD916 /* AppDelegate.swift */ = {isa = PBXFileReference; lastKnownFileType = sourcecode.swift; path = AppDelegate.swift; sourceTree = "<group>"; };
		134488B61D43F127008FD916 /* Assets.xcassets */ = {isa = PBXFileReference; lastKnownFileType = folder.assetcatalog; path = Assets.xcassets; sourceTree = "<group>"; };
		134488B81D43F127008FD916 /* Info.plist */ = {isa = PBXFileReference; lastKnownFileType = text.plist.xml; path = Info.plist; sourceTree = "<group>"; };
		1362AAF81D44DEAE005F050F /* ResourceLoader.swift */ = {isa = PBXFileReference; fileEncoding = 4; lastKnownFileType = sourcecode.swift; path = ResourceLoader.swift; sourceTree = "<group>"; };
/* End PBXFileReference section */

/* Begin PBXFrameworksBuildPhase section */
		134488AC1D43F126008FD916 /* Frameworks */ = {
			isa = PBXFrameworksBuildPhase;
			buildActionMask = 2147483647;
			files = (
			);
			runOnlyForDeploymentPostprocessing = 0;
		};
/* End PBXFrameworksBuildPhase section */

/* Begin PBXGroup section */
		134488A61D43F126008FD916 = {
			isa = PBXGroup;
			children = (
				134488B11D43F126008FD916 /* SeesanTV */,
				134488B01D43F126008FD916 /* Products */,
			);
			sourceTree = "<group>";
		};
		134488B01D43F126008FD916 /* Products */ = {
			isa = PBXGroup;
			children = (
				134488AF1D43F126008FD916 /* SeesanTV.app */,
			);
			name = Products;
			sourceTree = "<group>";
		};
		134488B11D43F126008FD916 /* SeesanTV */ = {
			isa = PBXGroup;
			children = (
				1362AAF81D44DEAE005F050F /* ResourceLoader.swift */,
				134488B21D43F126008FD916 /* AppDelegate.swift */,
				134488B61D43F127008FD916 /* Assets.xcassets */,
				134488B81D43F127008FD916 /* Info.plist */,
				134488B41D43F127008FD916 /* Supporting Files */,
			);
			path = SeesanTV;
			sourceTree = "<group>";
		};
		134488B41D43F127008FD916 /* Supporting Files */ = {
			isa = PBXGroup;
			children = (
				133110681D4410CA0001EEA4 /* Server */,
			);
			name = "Supporting Files";
			sourceTree = "<group>";
		};
/* End PBXGroup section */

/* Begin PBXNativeTarget section */
		134488AE1D43F126008FD916 /* SeesanTV */ = {
			isa = PBXNativeTarget;
			buildConfigurationList = 134488BB1D43F127008FD916 /* Build configuration list for PBXNativeTarget "SeesanTV" */;
			buildPhases = (
				134488AB1D43F126008FD916 /* Sources */,
				134488AC1D43F126008FD916 /* Frameworks */,
				134488AD1D43F126008FD916 /* Resources */,
			);
			buildRules = (
			);
			dependencies = (
			);
			name = SeesanTV;
			productName = SeesanTV;
			productReference = 134488AF1D43F126008FD916 /* SeesanTV.app */;
			productType = "com.apple.product-type.application";
		};
/* End PBXNativeTarget section */

/* Begin PBXProject section */
		134488A71D43F126008FD916 /* Project object */ = {
			isa = PBXProject;
			attributes = {
				LastSwiftUpdateCheck = 0800;
				LastUpgradeCheck = 0800;
				ORGANIZATIONNAME = com.B3T4;
				TargetAttributes = {
					134488AE1D43F126008FD916 = {
						CreatedOnToolsVersion = 8.0;
						DevelopmentTeam = USM87PL4NS;
						DevelopmentTeamName = "Kevin Chiu (Personal Team)";
						LastSwiftMigration = 0800;
						ProvisioningStyle = Automatic;
					};
				};
			};
			buildConfigurationList = 134488AA1D43F126008FD916 /* Build configuration list for PBXProject "SeesanTV" */;
			compatibilityVersion = "Xcode 3.2";
			developmentRegion = English;
			hasScannedForEncodings = 0;
			knownRegions = (
				en,
			);
			mainGroup = 134488A61D43F126008FD916;
			productRefGroup = 134488B01D43F126008FD916 /* Products */;
			projectDirPath = "";
			projectRoot = "";
			targets = (
				134488AE1D43F126008FD916 /* SeesanTV */,
			);
		};
/* End PBXProject section */

/* Begin PBXResourcesBuildPhase section */
		134488AD1D43F126008FD916 /* Resources */ = {
			isa = PBXResourcesBuildPhase;
			buildActionMask = 2147483647;
			files = (
				134488B71D43F127008FD916 /* Assets.xcassets in Resources */,
				133110691D4410CA0001EEA4 /* Server in Resources */,
			);
			runOnlyForDeploymentPostprocessing = 0;
		};
/* End PBXResourcesBuildPhase section */

/* Begin PBXSourcesBuildPhase section */
		134488AB1D43F126008FD916 /* Sources */ = {
			isa = PBXSourcesBuildPhase;
			buildActionMask = 2147483647;
			files = (
				1362AAF91D44DEAE005F050F /* ResourceLoader.swift in Sources */,
				134488B31D43F126008FD916 /* AppDelegate.swift in Sources */,
			);
			runOnlyForDeploymentPostprocessing = 0;
		};
/* End PBXSourcesBuildPhase section */

/* Begin XCBuildConfiguration section */
		134488B91D43F127008FD916 /* Debug */ = {
			isa = XCBuildConfiguration;
			buildSettings = {
				ALWAYS_SEARCH_USER_PATHS = NO;
				CLANG_ANALYZER_NONNULL = YES;
				CLANG_CXX_LANGUAGE_STANDARD = "gnu++0x";
				CLANG_CXX_LIBRARY = "libc++";
				CLANG_ENABLE_MODULES = YES;
				CLANG_ENABLE_OBJC_ARC = YES;
				CLANG_WARN_BOOL_CONVERSION = YES;
				CLANG_WARN_CONSTANT_CONVERSION = YES;
				CLANG_WARN_DIRECT_OBJC_ISA_USAGE = YES_ERROR;
				CLANG_WARN_DOCUMENTATION_COMMENTS = YES;
				CLANG_WARN_EMPTY_BODY = YES;
				CLANG_WARN_ENUM_CONVERSION = YES;
				CLANG_WARN_INT_CONVERSION = YES;
				CLANG_WARN_OBJC_ROOT_CLASS = YES_ERROR;
				CLANG_WARN_UNREACHABLE_CODE = YES;
				CLANG_WARN__DUPLICATE_METHOD_MATCH = YES;
				COPY_PHASE_STRIP = NO;
				DEBUG_INFORMATION_FORMAT = dwarf;
				ENABLE_STRICT_OBJC_MSGSEND = YES;
				ENABLE_TESTABILITY = YES;
				GCC_C_LANGUAGE_STANDARD = gnu99;
				GCC_DYNAMIC_NO_PIC = NO;
				GCC_NO_COMMON_BLOCKS = YES;
				GCC_OPTIMIZATION_LEVEL = 0;
				GCC_PREPROCESSOR_DEFINITIONS = (
					"DEBUG=1",
					"$(inherited)",
				);
				GCC_WARN_64_TO_32_BIT_CONVERSION = YES;
				GCC_WARN_ABOUT_RETURN_TYPE = YES_ERROR;
				GCC_WARN_UNDECLARED_SELECTOR = YES;
				GCC_WARN_UNINITIALIZED_AUTOS = YES_AGGRESSIVE;
				GCC_WARN_UNUSED_FUNCTION = YES;
				GCC_WARN_UNUSED_VARIABLE = YES;
				MTL_ENABLE_DEBUG_INFO = YES;
				ONLY_ACTIVE_ARCH = YES;
				SDKROOT = appletvos;
				SWIFT_ACTIVE_COMPILATION_CONDITIONS = DEBUG;
				SWIFT_OPTIMIZATION_LEVEL = "-Onone";
				TARGETED_DEVICE_FAMILY = 3;
				TVOS_DEPLOYMENT_TARGET = 10.0;
			};
			name = Debug;
		};
		134488BA1D43F127008FD916 /* Release */ = {
			isa = XCBuildConfiguration;
			buildSettings = {
				ALWAYS_SEARCH_USER_PATHS = NO;
				CLANG_ANALYZER_NONNULL = YES;
				CLANG_CXX_LANGUAGE_STANDARD = "gnu++0x";
				CLANG_CXX_LIBRARY = "libc++";
				CLANG_ENABLE_MODULES = YES;
				CLANG_ENABLE_OBJC_ARC = YES;
				CLANG_WARN_BOOL_CONVERSION = YES;
				CLANG_WARN_CONSTANT_CONVERSION = YES;
				CLANG_WARN_DIRECT_OBJC_ISA_USAGE = YES_ERROR;
				CLANG_WARN_DOCUMENTATION_COMMENTS = YES;
				CLANG_WARN_EMPTY_BODY = YES;
				CLANG_WARN_ENUM_CONVERSION = YES;
				CLANG_WARN_INT_CONVERSION = YES;
				CLANG_WARN_OBJC_ROOT_CLASS = YES_ERROR;
				CLANG_WARN_UNREACHABLE_CODE = YES;
				CLANG_WARN__DUPLICATE_METHOD_MATCH = YES;
				COPY_PHASE_STRIP = NO;
				DEBUG_INFORMATION_FORMAT = "dwarf-with-dsym";
				ENABLE_NS_ASSERTIONS = NO;
				ENABLE_STRICT_OBJC_MSGSEND = YES;
				GCC_C_LANGUAGE_STANDARD = gnu99;
				GCC_NO_COMMON_BLOCKS = YES;
				GCC_WARN_64_TO_32_BIT_CONVERSION = YES;
				GCC_WARN_ABOUT_RETURN_TYPE = YES_ERROR;
				GCC_WARN_UNDECLARED_SELECTOR = YES;
				GCC_WARN_UNINITIALIZED_AUTOS = YES_AGGRESSIVE;
				GCC_WARN_UNUSED_FUNCTION = YES;
				GCC_WARN_UNUSED_VARIABLE = YES;
				MTL_ENABLE_DEBUG_INFO = NO;
				SDKROOT = appletvos;
				SWIFT_OPTIMIZATION_LEVEL = "-Owholemodule";
				TARGETED_DEVICE_FAMILY = 3;
				TVOS_DEPLOYMENT_TARGET = 10.0;
				VALIDATE_PRODUCT = YES;
			};
			name = Release;
		};
		134488BC1D43F127008FD916 /* Debug */ = {
			isa = XCBuildConfiguration;
			buildSettings = {
				ASSETCATALOG_COMPILER_APPICON_NAME = "App Icon & Top Shelf Image";
				ASSETCATALOG_COMPILER_LAUNCHIMAGE_NAME = LaunchImage;
				INFOPLIST_FILE = SeesanTV/Info.plist;
				LD_RUNPATH_SEARCH_PATHS = "$(inherited) @executable_path/Frameworks";
				PRODUCT_BUNDLE_IDENTIFIER = com.B3T4.SeesanTV;
				PRODUCT_NAME = "$(TARGET_NAME)";
				SWIFT_VERSION = 3.0;
			};
			name = Debug;
		};
		134488BD1D43F127008FD916 /* Release */ = {
			isa = XCBuildConfiguration;
			buildSettings = {
				ASSETCATALOG_COMPILER_APPICON_NAME = "App Icon & Top Shelf Image";
				ASSETCATALOG_COMPILER_LAUNCHIMAGE_NAME = LaunchImage;
				INFOPLIST_FILE = SeesanTV/Info.plist;
				LD_RUNPATH_SEARCH_PATHS = "$(inherited) @executable_path/Frameworks";
				PRODUCT_BUNDLE_IDENTIFIER = com.B3T4.SeesanTV;
				PRODUCT_NAME = "$(TARGET_NAME)";
				SWIFT_VERSION = 3.0;
			};
			name = Release;
		};
/* End XCBuildConfiguration section */

/* Begin XCConfigurationList section */
		134488AA1D43F126008FD916 /* Build configuration list for PBXProject "SeesanTV" */ = {
			isa = XCConfigurationList;
			buildConfigurations = (
				134488B91D43F127008FD916 /* Debug */,
				134488BA1D43F127008FD916 /* Release */,
			);
			defaultConfigurationIsVisible = 0;
			defaultConfigurationName = Release;
		};
		134488BB1D43F127008FD916 /* Build configuration list for PBXNativeTarget "SeesanTV" */ = {
			isa = XCConfigurationList;
			buildConfigurations = (
				134488BC1D43F127008FD916 /* Debug */,
				134488BD1D43F127008FD916 /* Release */,
			);
			defaultConfigurationIsVisible = 0;
			defaultConfigurationName = Release;
		};
/* End XCConfigurationList section */
	};
	rootObject = 134488A71D43F126008FD916 /* Project object */;
}
